{
  "version": "5",
  "specifiers": {
    "jsr:@std/assert@^1.0.14": "1.0.15",
    "jsr:@std/expect@*": "1.0.17",
    "jsr:@std/internal@^1.0.10": "1.0.12",
    "jsr:@std/internal@^1.0.12": "1.0.12"
  },
  "jsr": {
    "@std/assert@1.0.15": {
      "integrity": "d64018e951dbdfab9777335ecdb000c0b4e3df036984083be219ce5941e4703b",
      "dependencies": [
        "jsr:@std/internal@^1.0.12"
      ]
    },
    "@std/expect@1.0.17": {
      "integrity": "316b47dd65c33e3151344eb3267bf42efba17d1415425f07ed96185d67fc04d9",
      "dependencies": [
        "jsr:@std/assert",
        "jsr:@std/internal@^1.0.10"
      ]
    },
    "@std/internal@1.0.12": {
      "integrity": "972a634fd5bc34b242024402972cd5143eac68d8dffaca5eaa4dba30ce17b027"
    }
  },
  "remote": {
    "https://deno.land/std@0.224.0/path/_common/constants.ts": "dc5f8057159f4b48cd304eb3027e42f1148cf4df1fb4240774d3492b5d12ac0c"
  },
  "workspace": {
    "packageJson": {
      "dependencies": [
        "npm:@createdbyjurand/node-scripts@2.1.0-SNAPSHOT",
        "npm:@types/jest@30.0.0",
        "npm:@types/node@24.7.2",
        "npm:jest@30.2.0",
        "npm:prettier@3.6.2",
        "npm:ts-jest@29.4.5",
        "npm:ts-node@10.9.2",
        "npm:typescript@5.9.3"
      ]
    }
  }
}
